# This file is generated by running "yarn install" inside your project.
# Manual changes might be lost - proceed with caution!

__metadata:
  version: 8
  cacheKey: 10c0

"@emnapi/runtime@npm:^1.7.0":
  version: 1.11.1
  resolution: "@emnapi/runtime@npm:1.11.1"
  dependencies:
    tslib: "npm:^2.4.0"
  checksum: 10c0/04332fb62076afc440aa23316c04bec42f584ca8b074e5507d08e2b33a47cbe0493b1aadb8f3c1057b64ae1e17f5bde1a7bc37f7facc9d0bc25c18197cbd366f
  languageName: node
  linkType: hard

"@img/colour@npm:^1.0.0":
  version: 1.1.0
  resolution: "@img/colour@npm:1.1.0"
  checksum: 10c0/2ebea2c0bbaee73b99badcefa04e1e71d83f36e5369337d3121dca841f4569533c4e2faddda6d62dd247f0d5cca143711f9446c59bcce81e427ba433a7a94a17
  languageName: node
  linkType: hard

"@img/sharp-darwin-arm64@npm:0.34.5":
  version: 0.34.5
  resolution: "@img/sharp-darwin-arm64@npm:0.34.5"
  dependencies:
    "@img/sharp-libvips-darwin-arm64": "npm:1.2.4"
  dependenciesMeta:
    "@img/sharp-libvips-darwin-arm64":
      optional: true
  conditions: os=darwin & cpu=arm64
  languageName: node
  linkType: hard

"@img/sharp-darwin-x64@npm:0.34.5":
  version: 0.34.5
  resolution: "@img/sharp-darwin-x64@npm:0.34.5"
  dependencies:
    "@img/sharp-libvips-darwin-x64": "npm:1.2.4"
  dependenciesMeta:
    "@img/sharp-libvips-darwin-x64":
      optional: true
  conditions: os=darwin & cpu=x64
  languageName: node
  linkType: hard

"@img/sharp-libvips-darwin-arm64@npm:1.2.4":
  version: 1.2.4
  resolution: "@img/sharp-libvips-darwin-arm64@npm:1.2.4"
  conditions: os=darwin & cpu=arm64
  languageName: node
  linkType: hard

"@img/sharp-libvips-darwin-x64@npm:1.2.4":
  version: 1.2.4
  resolution: "@img/sharp-libvips-darwin-x64@npm:1.2.4"
  conditions: os=darwin & cpu=x64
  languageName: node
  linkType: hard

"@img/sharp-libvips-linux-arm64@npm:1.2.4":
  version: 1.2.4
  resolution: "@img/sharp-libvips-linux-arm64@npm:1.2.4"
  conditions: os=linux & cpu=arm64 & libc=glibc
  languageName: node
  linkType: hard

"@img/sharp-libvips-linux-arm@npm:1.2.4":
  version: 1.2.4
  resolution: "@img/sharp-libvips-linux-arm@npm:1.2.4"
  conditions: os=linux & cpu=arm & libc=glibc
  languageName: node
  linkType: hard

"@img/sharp-libvips-linux-ppc64@npm:1.2.4":
  version: 1.2.4
  resolution: "@img/sharp-libvips-linux-ppc64@npm:1.2.4"
  conditions: os=linux & cpu=ppc64 & libc=glibc
  languageName: node
  linkType: hard

"@img/sharp-libvips-linux-riscv64@npm:1.2.4":
  version: 1.2.4
  resolution: "@img/sharp-libvips-linux-riscv64@npm:1.2.4"
  conditions: os=linux & cpu=riscv64 & libc=glibc
  languageName: node
  linkType: hard

"@img/sharp-libvips-linux-s390x@npm:1.2.4":
  version: 1.2.4
  resolution: "@img/sharp-libvips-linux-s390x@npm:1.2.4"
  conditions: os=linux & cpu=s390x & libc=glibc
  languageName: node
  linkType: hard

"@img/sharp-libvips-linux-x64@npm:1.2.4":
  version: 1.2.4
  resolution: "@img/sharp-libvips-linux-x64@npm:1.2.4"
  conditions: os=linux & cpu=x64 & libc=glibc
  languageName: node
  linkType: hard

"@img/sharp-libvips-linuxmusl-arm64@npm:1.2.4":
  version: 1.2.4
  resolution: "@img/sharp-libvips-linuxmusl-arm64@npm:1.2.4"
  conditions: os=linux & cpu=arm64 & libc=musl
  languageName: node
  linkType: hard

"@img/sharp-libvips-linuxmusl-x64@npm:1.2.4":
  version: 1.2.4
  resolution: "@img/sharp-libvips-linuxmusl-x64@npm:1.2.4"
  conditions: os=linux & cpu=x64 & libc=musl
  languageName: node
  linkType: hard

"@img/sharp-linux-arm64@npm:0.34.5":
  version: 0.34.5
  resolution: "@img/sharp-linux-arm64@npm:0.34.5"
  dependencies:
    "@img/sharp-libvips-linux-arm64": "npm:1.2.4"
  dependenciesMeta:
    "@img/sharp-libvips-linux-arm64":
      optional: true
  conditions: os=linux & cpu=arm64 & libc=glibc
  languageName: node
  linkType: hard

"@img/sharp-linux-arm@npm:0.34.5":
  version: 0.34.5
  resolution: "@img/sharp-linux-arm@npm:0.34.5"
  dependencies:
    "@img/sharp-libvips-linux-arm": "npm:1.2.4"
  dependenciesMeta:
    "@img/sharp-libvips-linux-arm":
      optional: true
  conditions: os=linux & cpu=arm & libc=glibc
  languageName: node
  linkType: hard

"@img/sharp-linux-ppc64@npm:0.34.5":
  version: 0.34.5
  resolution: "@img/sharp-linux-ppc64@npm:0.34.5"
  dependencies:
    "@img/sharp-libvips-linux-ppc64": "npm:1.2.4"
  dependenciesMeta:
    "@img/sharp-libvips-linux-ppc64":
      optional: true
  conditions: os=linux & cpu=ppc64 & libc=glibc
  languageName: node
  linkType: hard

"@img/sharp-linux-riscv64@npm:0.34.5":
  version: 0.34.5
  resolution: "@img/sharp-linux-riscv64@npm:0.34.5"
  dependencies:
    "@img/sharp-libvips-linux-riscv64": "npm:1.2.4"
  dependenciesMeta:
    "@img/sharp-libvips-linux-riscv64":
      optional: true
  conditions: os=linux & cpu=riscv64 & libc=glibc
  languageName: node
  linkType: hard

"@img/sharp-linux-s390x@npm:0.34.5":
  version: 0.34.5
  resolution: "@img/sharp-linux-s390x@npm:0.34.5"
  dependencies:
    "@img/sharp-libvips-linux-s390x": "npm:1.2.4"
  dependenciesMeta:
    "@img/sharp-libvips-linux-s390x":
      optional: true
  conditions: os=linux & cpu=s390x & libc=glibc
  languageName: node
  linkType: hard

"@img/sharp-linux-x64@npm:0.34.5":
  version: 0.34.5
  resolution: "@img/sharp-linux-x64@npm:0.34.5"
  dependencies:
    "@img/sharp-libvips-linux-x64": "npm:1.2.4"
  dependenciesMeta:
    "@img/sharp-libvips-linux-x64":
      optional: true
  conditions: os=linux & cpu=x64 & libc=glibc
  languageName: node
  linkType: hard

"@img/sharp-linuxmusl-arm64@npm:0.34.5":
  version: 0.34.5
  resolution: "@img/sharp-linuxmusl-arm64@npm:0.34.5"
  dependencies:
    "@img/sharp-libvips-linuxmusl-arm64": "npm:1.2.4"
  dependenciesMeta:
    "@img/sharp-libvips-linuxmusl-arm64":
      optional: true
  conditions: os=linux & cpu=arm64 & libc=musl
  languageName: node
  linkType: hard

"@img/sharp-linuxmusl-x64@npm:0.34.5":
  version: 0.34.5
  resolution: "@img/sharp-linuxmusl-x64@npm:0.34.5"
  dependencies:
    "@img/sharp-libvips-linuxmusl-x64": "npm:1.2.4"
  dependenciesMeta:
    "@img/sharp-libvips-linuxmusl-x64":
      optional: true
  conditions: os=linux & cpu=x64 & libc=musl
  languageName: node
  linkType: hard

"@img/sharp-wasm32@npm:0.34.5":
  version: 0.34.5
  resolution: "@img/sharp-wasm32@npm:0.34.5"
  dependencies:
    "@emnapi/runtime": "npm:^1.7.0"
  conditions: cpu=wasm32
  languageName: node
  linkType: hard

"@img/sharp-win32-arm64@npm:0.34.5":
  version: 0.34.5
  resolution: "@img/sharp-win32-arm64@npm:0.34.5"
  conditions: os=win32 & cpu=arm64
  languageName: node
  linkType: hard

"@img/sharp-win32-ia32@npm:0.34.5":
  version: 0.34.5
  resolution: "@img/sharp-win32-ia32@npm:0.34.5"
  conditions: os=win32 & cpu=ia32
  languageName: node
  linkType: hard

"@img/sharp-win32-x64@npm:0.34.5":
  version: 0.34.5
  resolution: "@img/sharp-win32-x64@npm:0.34.5"
  conditions: os=win32 & cpu=x64
  languageName: node
  linkType: hard

"@next/env@npm:16.2.9":
  version: 16.2.9
  resolution: "@next/env@npm:16.2.9"
  checksum: 10c0/698d66e248b19728007094929f9a32c1cdf4d89cf8a6fa557af324833f1ee066f79fc0b6173a0fd18a301f70f757420185a46f3da1b8e738eba678952e57c8d3
  languageName: node
  linkType: hard

"@next/swc-darwin-arm64@npm:16.2.9":
  version: 16.2.9
  resolution: "@next/swc-darwin-arm64@npm:16.2.9"
  conditions: os=darwin & cpu=arm64
  languageName: node
  linkType: hard

"@next/swc-darwin-x64@npm:16.2.9":
  version: 16.2.9
  resolution: "@next/swc-darwin-x64@npm:16.2.9"
  conditions: os=darwin & cpu=x64
  languageName: node
  linkType: hard

"@next/swc-linux-arm64-gnu@npm:16.2.9":
  version: 16.2.9
  resolution: "@next/swc-linux-arm64-gnu@npm:16.2.9"
  conditions: os=linux & cpu=arm64 & libc=glibc
  languageName: node
  linkType: hard

"@next/swc-linux-arm64-musl@npm:16.2.9":
  version: 16.2.9
  resolution: "@next/swc-linux-arm64-musl@npm:16.2.9"
  conditions: os=linux & cpu=arm64 & libc=musl
  languageName: node
  linkType: hard

"@next/swc-linux-x64-gnu@npm:16.2.9":
  version: 16.2.9
  resolution: "@next/swc-linux-x64-gnu@npm:16.2.9"
  conditions: os=linux & cpu=x64 & libc=glibc
  languageName: node
  linkType: hard

"@next/swc-linux-x64-musl@npm:16.2.9":
  version: 16.2.9
  resolution: "@next/swc-linux-x64-musl@npm:16.2.9"
  conditions: os=linux & cpu=x64 & libc=musl
  languageName: node
  linkType: hard

"@next/swc-win32-arm64-msvc@npm:16.2.9":
  version: 16.2.9
  resolution: "@next/swc-win32-arm64-msvc@npm:16.2.9"
  conditions: os=win32 & cpu=arm64
  languageName: node
  linkType: hard

"@next/swc-win32-x64-msvc@npm:16.2.9":
  version: 16.2.9
  resolution: "@next/swc-win32-x64-msvc@npm:16.2.9"
  conditions: os=win32 & cpu=x64
  languageName: node
  linkType: hard

"@pixelcoda/headless-nextjs@npm:^1.1.4":
  version: 1.1.4
  resolution: "@pixelcoda/headless-nextjs@npm:1.1.4"
  dependencies:
    axios: "npm:^1.17.0"
    defu: "npm:^6.1.7"
    next: "npm:^16.2.9"
    ofetch: "npm:^1.5.1"
    react: "npm:^19.2.7"
    react-dom: "npm:^19.2.7"
    ufo: "npm:^1.6.4"
  peerDependencies:
    next: ">=15.0.0"
    react: ">=18.0.0"
    react-dom: ">=18.0.0"
  checksum: 10c0/0392db56558267620305c2f2aa6ea711c5069b593050b21123ec8c392f2eb9278fe856b2edf2e84eb3dd1b5e455b7ba4578eb3d64e9bae5bb8e475ea58f8e242
  languageName: node
  linkType: hard

"@swc/helpers@npm:0.5.15":
  version: 0.5.15
  resolution: "@swc/helpers@npm:0.5.15"
  dependencies:
    tslib: "npm:^2.8.0"
  checksum: 10c0/33002f74f6f885f04c132960835fdfc474186983ea567606db62e86acd0680ca82f34647e8e610f4e1e422d1c16fce729dde22cd3b797ab1fd9061a825dabca4
  languageName: node
  linkType: hard

"agent-base@npm:6":
  version: 6.0.2
  resolution: "agent-base@npm:6.0.2"
  dependencies:
    debug: "npm:4"
  checksum: 10c0/dc4f757e40b5f3e3d674bc9beb4f1048f4ee83af189bae39be99f57bf1f48dde166a8b0a5342a84b5944ee8e6ed1e5a9d801858f4ad44764e84957122fe46261
  languageName: node
  linkType: hard

"asynckit@npm:^0.4.0":
  version: 0.4.0
  resolution: "asynckit@npm:0.4.0"
  checksum: 10c0/d73e2ddf20c4eb9337e1b3df1a0f6159481050a5de457c55b14ea2e5cb6d90bb69e004c9af54737a5ee0917fcf2c9e25de67777bbe58261847846066ba75bc9d
  languageName: node
  linkType: hard

"axios@npm:^1.17.0":
  version: 1.18.1
  resolution: "axios@npm:1.18.1"
  dependencies:
    follow-redirects: "npm:^1.16.0"
    form-data: "npm:^4.0.5"
    https-proxy-agent: "npm:^5.0.1"
    proxy-from-env: "npm:^2.1.0"
  checksum: 10c0/9d9378a3af0d0ad730a52ad9d15ec7201f3926ad6e7e8bbffc5ae21ca2835ad11d1d9598698f5dd9718917486039f55ea1d7dc23d8e44fa827a55cc3262c02fc
  languageName: node
  linkType: hard

"baseline-browser-mapping@npm:^2.9.19":
  version: 2.10.38
  resolution: "baseline-browser-mapping@npm:2.10.38"
  bin:
    baseline-browser-mapping: dist/cli.cjs
  checksum: 10c0/44bbea61ec54df6845f5f6f149c99057370081f1041d6e8dbc92835630ce37da9adc102528ebebd37f563342da2a5eea525d24698ced6674cdcfadb2ed613136
  languageName: node
  linkType: hard

"call-bind-apply-helpers@npm:^1.0.1, call-bind-apply-helpers@npm:^1.0.2":
  version: 1.0.2
  resolution: "call-bind-apply-helpers@npm:1.0.2"
  dependencies:
    es-errors: "npm:^1.3.0"
    function-bind: "npm:^1.1.2"
  checksum: 10c0/47bd9901d57b857590431243fea704ff18078b16890a6b3e021e12d279bbf211d039155e27d7566b374d49ee1f8189344bac9833dec7a20cdec370506361c938
  languageName: node
  linkType: hard

"caniuse-lite@npm:^1.0.30001579":
  version: 1.0.30001799
  resolution: "caniuse-lite@npm:1.0.30001799"
  checksum: 10c0/f24f9834edc7b60188f368ce44714695c3901bc4acb7f2a977dd9b7b697e39ddc0f9947fad6224a955b789f36a73432cb888d620aa7280d728f582d3bd8927a7
  languageName: node
  linkType: hard

"client-only@npm:0.0.1":
  version: 0.0.1
  resolution: "client-only@npm:0.0.1"
  checksum: 10c0/9d6cfd0c19e1c96a434605added99dff48482152af791ec4172fb912a71cff9027ff174efd8cdb2160cc7f377543e0537ffc462d4f279bc4701de3f2a3c4b358
  languageName: node
  linkType: hard

"combined-stream@npm:^1.0.8":
  version: 1.0.8
  resolution: "combined-stream@npm:1.0.8"
  dependencies:
    delayed-stream: "npm:~1.0.0"
  checksum: 10c0/0dbb829577e1b1e839fa82b40c07ffaf7de8a09b935cadd355a73652ae70a88b4320db322f6634a4ad93424292fa80973ac6480986247f1734a1137debf271d5
  languageName: node
  linkType: hard

"debug@npm:4":
  version: 4.4.3
  resolution: "debug@npm:4.4.3"
  dependencies:
    ms: "npm:^2.1.3"
  peerDependenciesMeta:
    supports-color:
      optional: true
  checksum: 10c0/d79136ec6c83ecbefd0f6a5593da6a9c91ec4d7ddc4b54c883d6e71ec9accb5f67a1a5e96d00a328196b5b5c86d365e98d8a3a70856aaf16b4e7b1985e67f5a6
  languageName: node
  linkType: hard

"defu@npm:^6.1.7":
  version: 6.1.7
  resolution: "defu@npm:6.1.7"
  checksum: 10c0/e6635388103c8be3c574ac31302f6930e5e6eeedba32cb1b30cf993c7d9fb571aec2485446dfa23bfa63e55e66156fe109027a9695db82a50f931e91e8d4bedb
  languageName: node
  linkType: hard

"delayed-stream@npm:~1.0.0":
  version: 1.0.0
  resolution: "delayed-stream@npm:1.0.0"
  checksum: 10c0/d758899da03392e6712f042bec80aa293bbe9e9ff1b2634baae6a360113e708b91326594c8a486d475c69d6259afb7efacdc3537bfcda1c6c648e390ce601b19
  languageName: node
  linkType: hard

"destr@npm:^2.0.5":
  version: 2.0.5
  resolution: "destr@npm:2.0.5"
  checksum: 10c0/efabffe7312a45ad90d79975376be958c50069f1156b94c181199763a7f971e113bd92227c26b94a169c71ca7dbc13583b7e96e5164743969fc79e1ff153e646
  languageName: node
  linkType: hard

"detect-libc@npm:^2.1.2":
  version: 2.1.2
  resolution: "detect-libc@npm:2.1.2"
  checksum: 10c0/acc675c29a5649fa1fb6e255f993b8ee829e510b6b56b0910666949c80c364738833417d0edb5f90e4e46be17228b0f2b66a010513984e18b15deeeac49369c4
  languageName: node
  linkType: hard

"dunder-proto@npm:^1.0.1":
  version: 1.0.1
  resolution: "dunder-proto@npm:1.0.1"
  dependencies:
    call-bind-apply-helpers: "npm:^1.0.1"
    es-errors: "npm:^1.3.0"
    gopd: "npm:^1.2.0"
  checksum: 10c0/199f2a0c1c16593ca0a145dbf76a962f8033ce3129f01284d48c45ed4e14fea9bbacd7b3610b6cdc33486cef20385ac054948fefc6272fcce645c09468f93031
  languageName: node
  linkType: hard

"es-define-property@npm:^1.0.1":
  version: 1.0.1
  resolution: "es-define-property@npm:1.0.1"
  checksum: 10c0/3f54eb49c16c18707949ff25a1456728c883e81259f045003499efba399c08bad00deebf65cccde8c0e07908c1a225c9d472b7107e558f2a48e28d530e34527c
  languageName: node
  linkType: hard

"es-errors@npm:^1.3.0":
  version: 1.3.0
  resolution: "es-errors@npm:1.3.0"
  checksum: 10c0/0a61325670072f98d8ae3b914edab3559b6caa980f08054a3b872052640d91da01d38df55df797fcc916389d77fc92b8d5906cf028f4db46d7e3003abecbca85
  languageName: node
  linkType: hard

"es-object-atoms@npm:^1.0.0, es-object-atoms@npm:^1.1.1":
  version: 1.1.2
  resolution: "es-object-atoms@npm:1.1.2"
  dependencies:
    es-errors: "npm:^1.3.0"
  checksum: 10c0/1772861f094f739d6f41b579cfb9a18579daffeb434552a370a5fbef50a32d22227e27b63fdbb757b7ddd429d1b42fe52ccae7966d9302a2ec221b6f1b41bbc4
  languageName: node
  linkType: hard

"es-set-tostringtag@npm:^2.1.0":
  version: 2.1.0
  resolution: "es-set-tostringtag@npm:2.1.0"
  dependencies:
    es-errors: "npm:^1.3.0"
    get-intrinsic: "npm:^1.2.6"
    has-tostringtag: "npm:^1.0.2"
    hasown: "npm:^2.0.2"
  checksum: 10c0/ef2ca9ce49afe3931cb32e35da4dcb6d86ab02592cfc2ce3e49ced199d9d0bb5085fc7e73e06312213765f5efa47cc1df553a6a5154584b21448e9fb8355b1af
  languageName: node
  linkType: hard

"follow-redirects@npm:^1.16.0":
  version: 1.16.0
  resolution: "follow-redirects@npm:1.16.0"
  peerDependenciesMeta:
    debug:
      optional: true
  checksum: 10c0/a1e2900163e6f1b4d1ed5c221b607f41decbab65534c63fe7e287e40a5d552a6496e7d9d7d976fa4ba77b4c51c11e5e9f683f10b43011ea11e442ff128d0e181
  languageName: node
  linkType: hard

"form-data@npm:^4.0.5":
  version: 4.0.6
  resolution: "form-data@npm:4.0.6"
  dependencies:
    asynckit: "npm:^0.4.0"
    combined-stream: "npm:^1.0.8"
    es-set-tostringtag: "npm:^2.1.0"
    hasown: "npm:^2.0.4"
    mime-types: "npm:^2.1.35"
  checksum: 10c0/43947a77bf0ff45c6ceed789778982d47a3f3e720a74b71721174ebf3310a5f1a8be1d6b38a3ee3688e8a18a2c4273073ec0844cd37efda3eaf46d41c9c318ff
  languageName: node
  linkType: hard

"function-bind@npm:^1.1.2":
  version: 1.1.2
  resolution: "function-bind@npm:1.1.2"
  checksum: 10c0/d8680ee1e5fcd4c197e4ac33b2b4dce03c71f4d91717292785703db200f5c21f977c568d28061226f9b5900cbcd2c84463646134fd5337e7925e0942bc3f46d5
  languageName: node
  linkType: hard

"get-intrinsic@npm:^1.2.6":
  version: 1.3.0
  resolution: "get-intrinsic@npm:1.3.0"
  dependencies:
    call-bind-apply-helpers: "npm:^1.0.2"
    es-define-property: "npm:^1.0.1"
    es-errors: "npm:^1.3.0"
    es-object-atoms: "npm:^1.1.1"
    function-bind: "npm:^1.1.2"
    get-proto: "npm:^1.0.1"
    gopd: "npm:^1.2.0"
    has-symbols: "npm:^1.1.0"
    hasown: "npm:^2.0.2"
    math-intrinsics: "npm:^1.1.0"
  checksum: 10c0/52c81808af9a8130f581e6a6a83e1ba4a9f703359e7a438d1369a5267a25412322f03dcbd7c549edaef0b6214a0630a28511d7df0130c93cfd380f4fa0b5b66a
  languageName: node
  linkType: hard

"get-proto@npm:^1.0.1":
  version: 1.0.1
  resolution: "get-proto@npm:1.0.1"
  dependencies:
    dunder-proto: "npm:^1.0.1"
    es-object-atoms: "npm:^1.0.0"
  checksum: 10c0/9224acb44603c5526955e83510b9da41baf6ae73f7398875fba50edc5e944223a89c4a72b070fcd78beb5f7bdda58ecb6294adc28f7acfc0da05f76a2399643c
  languageName: node
  linkType: hard

"gopd@npm:^1.2.0":
  version: 1.2.0
  resolution: "gopd@npm:1.2.0"
  checksum: 10c0/50fff1e04ba2b7737c097358534eacadad1e68d24cccee3272e04e007bed008e68d2614f3987788428fd192a5ae3889d08fb2331417e4fc4a9ab366b2043cead
  languageName: node
  linkType: hard

"has-symbols@npm:^1.0.3, has-symbols@npm:^1.1.0":
  version: 1.1.0
  resolution: "has-symbols@npm:1.1.0"
  checksum: 10c0/dde0a734b17ae51e84b10986e651c664379018d10b91b6b0e9b293eddb32f0f069688c841fb40f19e9611546130153e0a2a48fd7f512891fb000ddfa36f5a20e
  languageName: node
  linkType: hard

"has-tostringtag@npm:^1.0.2":
  version: 1.0.2
  resolution: "has-tostringtag@npm:1.0.2"
  dependencies:
    has-symbols: "npm:^1.0.3"
  checksum: 10c0/a8b166462192bafe3d9b6e420a1d581d93dd867adb61be223a17a8d6dad147aa77a8be32c961bb2f27b3ef893cae8d36f564ab651f5e9b7938ae86f74027c48c
  languageName: node
  linkType: hard

"hasown@npm:^2.0.2, hasown@npm:^2.0.4":
  version: 2.0.4
  resolution: "hasown@npm:2.0.4"
  dependencies:
    function-bind: "npm:^1.1.2"
  checksum: 10c0/2d8de939e270b70618f8cebb69746620db10617dbb495bc66ddad326955ea24d3ca4af133aff3eb7c1853e0218f867bc2b050ec26fe02e3aea58f880ffc5e506
  languageName: node
  linkType: hard

"https-proxy-agent@npm:^5.0.1":
  version: 5.0.1
  resolution: "https-proxy-agent@npm:5.0.1"
  dependencies:
    agent-base: "npm:6"
    debug: "npm:4"
  checksum: 10c0/6dd639f03434003577c62b27cafdb864784ef19b2de430d8ae2a1d45e31c4fd60719e5637b44db1a88a046934307da7089e03d6089ec3ddacc1189d8de8897d1
  languageName: node
  linkType: hard

"math-intrinsics@npm:^1.1.0":
  version: 1.1.0
  resolution: "math-intrinsics@npm:1.1.0"
  checksum: 10c0/7579ff94e899e2f76ab64491d76cf606274c874d8f2af4a442c016bd85688927fcfca157ba6bf74b08e9439dc010b248ce05b96cc7c126a354c3bae7fcb48b7f
  languageName: node
  linkType: hard

"mime-db@npm:1.52.0":
  version: 1.52.0
  resolution: "mime-db@npm:1.52.0"
  checksum: 10c0/0557a01deebf45ac5f5777fe7740b2a5c309c6d62d40ceab4e23da9f821899ce7a900b7ac8157d4548ddbb7beffe9abc621250e6d182b0397ec7f10c7b91a5aa
  languageName: node
  linkType: hard

"mime-types@npm:^2.1.35":
  version: 2.1.35
  resolution: "mime-types@npm:2.1.35"
  dependencies:
    mime-db: "npm:1.52.0"
  checksum: 10c0/82fb07ec56d8ff1fc999a84f2f217aa46cb6ed1033fefaabd5785b9a974ed225c90dc72fff460259e66b95b73648596dbcc50d51ed69cdf464af2d237d3149b2
  languageName: node
  linkType: hard

"ms@npm:^2.1.3":
  version: 2.1.3
  resolution: "ms@npm:2.1.3"
  checksum: 10c0/d924b57e7312b3b63ad21fc5b3dc0af5e78d61a1fc7cfb5457edaf26326bf62be5307cc87ffb6862ef1c2b33b0233cdb5d4f01c4c958cc0d660948b65a287a48
  languageName: node
  linkType: hard

"nanoid@npm:^3.3.12, nanoid@npm:^3.3.6":
  version: 3.3.15
  resolution: "nanoid@npm:3.3.15"
  bin:
    nanoid: bin/nanoid.cjs
  checksum: 10c0/e0b12e3a1d361f74150fa4b25631d0ae29f7162dab01a12f0f1be1f53b7a2a219f9b729504e474d4821207d0fe349bd3c97569ab5cf7ec2fff6aa94711956c93
  languageName: node
  linkType: hard

"next@npm:^16.2.9":
  version: 16.2.9
  resolution: "next@npm:16.2.9"
  dependencies:
    "@next/env": "npm:16.2.9"
    "@next/swc-darwin-arm64": "npm:16.2.9"
    "@next/swc-darwin-x64": "npm:16.2.9"
    "@next/swc-linux-arm64-gnu": "npm:16.2.9"
    "@next/swc-linux-arm64-musl": "npm:16.2.9"
    "@next/swc-linux-x64-gnu": "npm:16.2.9"
    "@next/swc-linux-x64-musl": "npm:16.2.9"
    "@next/swc-win32-arm64-msvc": "npm:16.2.9"
    "@next/swc-win32-x64-msvc": "npm:16.2.9"
    "@swc/helpers": "npm:0.5.15"
    baseline-browser-mapping: "npm:^2.9.19"
    caniuse-lite: "npm:^1.0.30001579"
    postcss: "npm:8.4.31"
    sharp: "npm:^0.34.5"
    styled-jsx: "npm:5.1.6"
  peerDependencies:
    "@opentelemetry/api": ^1.1.0
    "@playwright/test": ^1.51.1
    babel-plugin-react-compiler: "*"
    react: ^18.2.0 || 19.0.0-rc-de68d2f4-20241204 || ^19.0.0
    react-dom: ^18.2.0 || 19.0.0-rc-de68d2f4-20241204 || ^19.0.0
    sass: ^1.3.0
  dependenciesMeta:
    "@next/swc-darwin-arm64":
      optional: true
    "@next/swc-darwin-x64":
      optional: true
    "@next/swc-linux-arm64-gnu":
      optional: true
    "@next/swc-linux-arm64-musl":
      optional: true
    "@next/swc-linux-x64-gnu":
      optional: true
    "@next/swc-linux-x64-musl":
      optional: true
    "@next/swc-win32-arm64-msvc":
      optional: true
    "@next/swc-win32-x64-msvc":
      optional: true
    sharp:
      optional: true
  peerDependenciesMeta:
    "@opentelemetry/api":
      optional: true
    "@playwright/test":
      optional: true
    babel-plugin-react-compiler:
      optional: true
    sass:
      optional: true
  bin:
    next: dist/bin/next
  checksum: 10c0/8b3ca7364928fccf946a3e855a2af4d0d133138fd966a4300b2c536a5511b6bcf5bdb31183ce917a9489e5c5c95478c8fad432135d9c4c25f3e4b682c4a0c7f4
  languageName: node
  linkType: hard

"node-fetch-native@npm:^1.6.7":
  version: 1.6.7
  resolution: "node-fetch-native@npm:1.6.7"
  checksum: 10c0/8b748300fb053d21ca4d3db9c3ff52593d5e8f8a2d9fe90cbfad159676e324b954fdaefab46aeca007b5b9edab3d150021c4846444e4e8ab1f4e44cd3807be87
  languageName: node
  linkType: hard

"ofetch@npm:^1.5.1":
  version: 1.5.1
  resolution: "ofetch@npm:1.5.1"
  dependencies:
    destr: "npm:^2.0.5"
    node-fetch-native: "npm:^1.6.7"
    ufo: "npm:^1.6.1"
  checksum: 10c0/97ebc600512ea0ab401e97c73313218cc53c9b530b32ec8c995c347b0c68887129993168d1753f527761a64c6f93a5d823ce1378ccec95fc65a606f323a79a6c
  languageName: node
  linkType: hard

"picocolors@npm:^1.0.0, picocolors@npm:^1.1.1":
  version: 1.1.1
  resolution: "picocolors@npm:1.1.1"
  checksum: 10c0/e2e3e8170ab9d7c7421969adaa7e1b31434f789afb9b3f115f6b96d91945041ac3ceb02e9ec6fe6510ff036bcc0bf91e69a1772edc0b707e12b19c0f2d6bcf58
  languageName: node
  linkType: hard

"pixelcoda-nextjs-frontend@workspace:.":
  version: 0.0.0-use.local
  resolution: "pixelcoda-nextjs-frontend@workspace:."
  dependencies:
    "@pixelcoda/headless-nextjs": "npm:^1.1.4"
    next: "npm:^16.2.9"
    postcss: "npm:^8.5.15"
    react: "npm:^19.2.7"
    react-dom: "npm:^19.2.7"
  languageName: unknown
  linkType: soft

"postcss@npm:8.4.31":
  version: 8.4.31
  resolution: "postcss@npm:8.4.31"
  dependencies:
    nanoid: "npm:^3.3.6"
    picocolors: "npm:^1.0.0"
    source-map-js: "npm:^1.0.2"
  checksum: 10c0/748b82e6e5fc34034dcf2ae88ea3d11fd09f69b6c50ecdd3b4a875cfc7cdca435c958b211e2cb52355422ab6fccb7d8f2f2923161d7a1b281029e4a913d59acf
  languageName: node
  linkType: hard

"postcss@npm:^8.5.15":
  version: 8.5.15
  resolution: "postcss@npm:8.5.15"
  dependencies:
    nanoid: "npm:^3.3.12"
    picocolors: "npm:^1.1.1"
    source-map-js: "npm:^1.2.1"
  checksum: 10c0/7f2e63ae22fbe43aace1bf652bd99da4e90737c64194d49e51ddc9cd0f9e51ff2861a7d734379b494deffa03a880a5c65eec70bc29ee9ebaa7136dde3eee8f31
  languageName: node
  linkType: hard

"proxy-from-env@npm:^2.1.0":
  version: 2.1.0
  resolution: "proxy-from-env@npm:2.1.0"
  checksum: 10c0/ed01729fd4d094eab619cd7e17ce3698b3413b31eb102c4904f9875e677cd207392795d5b4adee9cec359dfd31c44d5ad7595a3a3ad51c40250e141512281c58
  languageName: node
  linkType: hard

"react-dom@npm:^19.2.7":
  version: 19.2.7
  resolution: "react-dom@npm:19.2.7"
  dependencies:
    scheduler: "npm:^0.27.0"
  peerDependencies:
    react: ^19.2.7
  checksum: 10c0/970ff600f6e80d47d39e2f226f12f226173b3cba3382efc97c5f0cd663de9af38c7a4c11c213fb936094faeac83060d660247accaa96b752180d5b951b9cfecb
  languageName: node
  linkType: hard

"react@npm:^19.2.7":
  version: 19.2.7
  resolution: "react@npm:19.2.7"
  checksum: 10c0/0bd0e2f1bbd4ba97561c6597bf8a5fec05e6476fe61e165c1065598d16668efc6715205599c94d3ddd49d36cb0f21cbf1b9bcc18ee840b805ce222c3e8d558ac
  languageName: node
  linkType: hard

"scheduler@npm:^0.27.0":
  version: 0.27.0
  resolution: "scheduler@npm:0.27.0"
  checksum: 10c0/4f03048cb05a3c8fddc45813052251eca00688f413a3cee236d984a161da28db28ba71bd11e7a3dd02f7af84ab28d39fb311431d3b3772fed557945beb00c452
  languageName: node
  linkType: hard

"semver@npm:^7.7.3":
  version: 7.8.5
  resolution: "semver@npm:7.8.5"
  bin:
    semver: bin/semver.js
  checksum: 10c0/b1f3127a5be8125a94f37188b361c212466c292c6910adce3ec106cff5dc211ccaedc4739c11bb70fda59d6fc1f040a9bca289f4e093451521a2372e5231fe0c
  languageName: node
  linkType: hard

"sharp@npm:^0.34.5":
  version: 0.34.5
  resolution: "sharp@npm:0.34.5"
  dependencies:
    "@img/colour": "npm:^1.0.0"
    "@img/sharp-darwin-arm64": "npm:0.34.5"
    "@img/sharp-darwin-x64": "npm:0.34.5"
    "@img/sharp-libvips-darwin-arm64": "npm:1.2.4"
    "@img/sharp-libvips-darwin-x64": "npm:1.2.4"
    "@img/sharp-libvips-linux-arm": "npm:1.2.4"
    "@img/sharp-libvips-linux-arm64": "npm:1.2.4"
    "@img/sharp-libvips-linux-ppc64": "npm:1.2.4"
    "@img/sharp-libvips-linux-riscv64": "npm:1.2.4"
    "@img/sharp-libvips-linux-s390x": "npm:1.2.4"
    "@img/sharp-libvips-linux-x64": "npm:1.2.4"
    "@img/sharp-libvips-linuxmusl-arm64": "npm:1.2.4"
    "@img/sharp-libvips-linuxmusl-x64": "npm:1.2.4"
    "@img/sharp-linux-arm": "npm:0.34.5"
    "@img/sharp-linux-arm64": "npm:0.34.5"
    "@img/sharp-linux-ppc64": "npm:0.34.5"
    "@img/sharp-linux-riscv64": "npm:0.34.5"
    "@img/sharp-linux-s390x": "npm:0.34.5"
    "@img/sharp-linux-x64": "npm:0.34.5"
    "@img/sharp-linuxmusl-arm64": "npm:0.34.5"
    "@img/sharp-linuxmusl-x64": "npm:0.34.5"
    "@img/sharp-wasm32": "npm:0.34.5"
    "@img/sharp-win32-arm64": "npm:0.34.5"
    "@img/sharp-win32-ia32": "npm:0.34.5"
    "@img/sharp-win32-x64": "npm:0.34.5"
    detect-libc: "npm:^2.1.2"
    semver: "npm:^7.7.3"
  dependenciesMeta:
    "@img/sharp-darwin-arm64":
      optional: true
    "@img/sharp-darwin-x64":
      optional: true
    "@img/sharp-libvips-darwin-arm64":
      optional: true
    "@img/sharp-libvips-darwin-x64":
      optional: true
    "@img/sharp-libvips-linux-arm":
      optional: true
    "@img/sharp-libvips-linux-arm64":
      optional: true
    "@img/sharp-libvips-linux-ppc64":
      optional: true
    "@img/sharp-libvips-linux-riscv64":
      optional: true
    "@img/sharp-libvips-linux-s390x":
      optional: true
    "@img/sharp-libvips-linux-x64":
      optional: true
    "@img/sharp-libvips-linuxmusl-arm64":
      optional: true
    "@img/sharp-libvips-linuxmusl-x64":
      optional: true
    "@img/sharp-linux-arm":
      optional: true
    "@img/sharp-linux-arm64":
      optional: true
    "@img/sharp-linux-ppc64":
      optional: true
    "@img/sharp-linux-riscv64":
      optional: true
    "@img/sharp-linux-s390x":
      optional: true
    "@img/sharp-linux-x64":
      optional: true
    "@img/sharp-linuxmusl-arm64":
      optional: true
    "@img/sharp-linuxmusl-x64":
      optional: true
    "@img/sharp-wasm32":
      optional: true
    "@img/sharp-win32-arm64":
      optional: true
    "@img/sharp-win32-ia32":
      optional: true
    "@img/sharp-win32-x64":
      optional: true
  checksum: 10c0/fd79e29df0597a7d5704b8461c51f944ead91a5243691697be6e8243b966402beda53ddc6f0a53b96ea3cb8221f0b244aa588114d3ebf8734fb4aefd41ab802f
  languageName: node
  linkType: hard

"source-map-js@npm:^1.0.2, source-map-js@npm:^1.2.1":
  version: 1.2.1
  resolution: "source-map-js@npm:1.2.1"
  checksum: 10c0/7bda1fc4c197e3c6ff17de1b8b2c20e60af81b63a52cb32ec5a5d67a20a7d42651e2cb34ebe93833c5a2a084377e17455854fee3e21e7925c64a51b6a52b0faf
  languageName: node
  linkType: hard

"styled-jsx@npm:5.1.6":
  version: 5.1.6
  resolution: "styled-jsx@npm:5.1.6"
  dependencies:
    client-only: "npm:0.0.1"
  peerDependencies:
    react: ">= 16.8.0 || 17.x.x || ^18.0.0-0 || ^19.0.0-0"
  peerDependenciesMeta:
    "@babel/core":
      optional: true
    babel-plugin-macros:
      optional: true
  checksum: 10c0/ace50e7ea5ae5ae6a3b65a50994c51fca6ae7df9c7ecfd0104c36be0b4b3a9c5c1a2374d16e2a11e256d0b20be6d47256d768ecb4f91ab390f60752a075780f5
  languageName: node
  linkType: hard

"tslib@npm:^2.4.0, tslib@npm:^2.8.0":
  version: 2.8.1
  resolution: "tslib@npm:2.8.1"
  checksum: 10c0/9c4759110a19c53f992d9aae23aac5ced636e99887b51b9e61def52611732872ff7668757d4e4c61f19691e36f4da981cd9485e869b4a7408d689f6bf1f14e62
  languageName: node
  linkType: hard

"ufo@npm:^1.6.1, ufo@npm:^1.6.4":
  version: 1.6.4
  resolution: "ufo@npm:1.6.4"
  checksum: 10c0/3a2b29e7e3d772fbf6893d7d23bf442981457adb2fe122828abdbda89bedcb81aafd0dcc080e41b45f9a877db00cb42cbfee9639753a19d9b9bd39b5627039cf
  languageName: node
  linkType: hard
