# This file is generated by running "yarn install" inside your project.
# Manual changes might be lost - proceed with caution!

__metadata:
  version: 6
  cacheKey: 8

"@isaacs/fs-minipass@npm:^4.0.0":
  version: 4.0.1
  resolution: "@isaacs/fs-minipass@npm:4.0.1"
  dependencies:
    minipass: "npm:^7.0.4"
  checksum: 5d36d289960e886484362d9eb6a51d1ea28baed5f5d0140bbe62b99bac52eaf06cc01c2bc0d3575977962f84f6b2c4387b043ee632216643d4787b0999465bf2
  languageName: node
  linkType: hard

"@jridgewell/sourcemap-codec@npm:^1.5.0":
  version: 1.5.0
  resolution: "@jridgewell/sourcemap-codec@npm:1.5.0"
  checksum: 05df4f2538b3b0f998ea4c1cd34574d0feba216fa5d4ccaef0187d12abf82eafe6021cec8b49f9bb4d90f2ba4582ccc581e72986a5fcf4176ae0cfeb04cf52ec
  languageName: node
  linkType: hard

"@rollup/plugin-commonjs@npm:^28.0.3":
  version: 28.0.3
  resolution: "@rollup/plugin-commonjs@npm:28.0.3"
  dependencies:
    "@rollup/pluginutils": "npm:^5.0.1"
    commondir: "npm:^1.0.1"
    estree-walker: "npm:^2.0.2"
    fdir: "npm:^6.2.0"
    is-reference: "npm:1.2.1"
    magic-string: "npm:^0.30.3"
    picomatch: "npm:^4.0.2"
  peerDependencies:
    rollup: ^2.68.0||^3.0.0||^4.0.0
  peerDependenciesMeta:
    rollup:
      optional: true
  checksum: b5c5ae75215260d08aad34c2bc20246691ae7f21fcca6cb48f196cadf92b70f6332ae65679adce5b874060952b9e4688572758184ebdb3b75c8bf55d4a41dd3e
  languageName: node
  linkType: hard

"@rollup/plugin-node-resolve@npm:^16.0.1":
  version: 16.0.1
  resolution: "@rollup/plugin-node-resolve@npm:16.0.1"
  dependencies:
    "@rollup/pluginutils": "npm:^5.0.1"
    "@types/resolve": "npm:1.20.2"
    deepmerge: "npm:^4.2.2"
    is-module: "npm:^1.0.0"
    resolve: "npm:^1.22.1"
  peerDependencies:
    rollup: ^2.78.0||^3.0.0||^4.0.0
  peerDependenciesMeta:
    rollup:
      optional: true
  checksum: 5606531bdeb81fedc240178c37775bfb6f8530d081ba95498d94be96b50f93b0a9aa09825e51615b6aef203dbf394157c1e4de7928a2667a6651a7be478e2ab8
  languageName: node
  linkType: hard

"@rollup/pluginutils@npm:^5.0.1":
  version: 5.1.4
  resolution: "@rollup/pluginutils@npm:5.1.4"
  dependencies:
    "@types/estree": "npm:^1.0.0"
    estree-walker: "npm:^2.0.2"
    picomatch: "npm:^4.0.2"
  peerDependencies:
    rollup: ^1.20.0||^2.0.0||^3.0.0||^4.0.0
  peerDependenciesMeta:
    rollup:
      optional: true
  checksum: dc0294580effbf68965ed7939c9e469b8c8847b59842e4691fd10d0a8d0b178600bd912694c409ae33600c9059efce72e96f25917cff983afd57f092a7aeb8d2
  languageName: node
  linkType: hard

"@rollup/rollup-android-arm-eabi@npm:4.59.0":
  version: 4.59.0
  resolution: "@rollup/rollup-android-arm-eabi@npm:4.59.0"
  conditions: os=android & cpu=arm
  languageName: node
  linkType: hard

"@rollup/rollup-android-arm64@npm:4.59.0":
  version: 4.59.0
  resolution: "@rollup/rollup-android-arm64@npm:4.59.0"
  conditions: os=android & cpu=arm64
  languageName: node
  linkType: hard

"@rollup/rollup-darwin-arm64@npm:4.59.0":
  version: 4.59.0
  resolution: "@rollup/rollup-darwin-arm64@npm:4.59.0"
  conditions: os=darwin & cpu=arm64
  languageName: node
  linkType: hard

"@rollup/rollup-darwin-x64@npm:4.59.0":
  version: 4.59.0
  resolution: "@rollup/rollup-darwin-x64@npm:4.59.0"
  conditions: os=darwin & cpu=x64
  languageName: node
  linkType: hard

"@rollup/rollup-freebsd-arm64@npm:4.59.0":
  version: 4.59.0
  resolution: "@rollup/rollup-freebsd-arm64@npm:4.59.0"
  conditions: os=freebsd & cpu=arm64
  languageName: node
  linkType: hard

"@rollup/rollup-freebsd-x64@npm:4.59.0":
  version: 4.59.0
  resolution: "@rollup/rollup-freebsd-x64@npm:4.59.0"
  conditions: os=freebsd & cpu=x64
  languageName: node
  linkType: hard

"@rollup/rollup-linux-arm-gnueabihf@npm:4.59.0":
  version: 4.59.0
  resolution: "@rollup/rollup-linux-arm-gnueabihf@npm:4.59.0"
  conditions: os=linux & cpu=arm & libc=glibc
  languageName: node
  linkType: hard

"@rollup/rollup-linux-arm-musleabihf@npm:4.59.0":
  version: 4.59.0
  resolution: "@rollup/rollup-linux-arm-musleabihf@npm:4.59.0"
  conditions: os=linux & cpu=arm & libc=musl
  languageName: node
  linkType: hard

"@rollup/rollup-linux-arm64-gnu@npm:4.59.0":
  version: 4.59.0
  resolution: "@rollup/rollup-linux-arm64-gnu@npm:4.59.0"
  conditions: os=linux & cpu=arm64 & libc=glibc
  languageName: node
  linkType: hard

"@rollup/rollup-linux-arm64-musl@npm:4.59.0":
  version: 4.59.0
  resolution: "@rollup/rollup-linux-arm64-musl@npm:4.59.0"
  conditions: os=linux & cpu=arm64 & libc=musl
  languageName: node
  linkType: hard

"@rollup/rollup-linux-loong64-gnu@npm:4.59.0":
  version: 4.59.0
  resolution: "@rollup/rollup-linux-loong64-gnu@npm:4.59.0"
  conditions: os=linux & cpu=loong64 & libc=glibc
  languageName: node
  linkType: hard

"@rollup/rollup-linux-loong64-musl@npm:4.59.0":
  version: 4.59.0
  resolution: "@rollup/rollup-linux-loong64-musl@npm:4.59.0"
  conditions: os=linux & cpu=loong64 & libc=musl
  languageName: node
  linkType: hard

"@rollup/rollup-linux-ppc64-gnu@npm:4.59.0":
  version: 4.59.0
  resolution: "@rollup/rollup-linux-ppc64-gnu@npm:4.59.0"
  conditions: os=linux & cpu=ppc64 & libc=glibc
  languageName: node
  linkType: hard

"@rollup/rollup-linux-ppc64-musl@npm:4.59.0":
  version: 4.59.0
  resolution: "@rollup/rollup-linux-ppc64-musl@npm:4.59.0"
  conditions: os=linux & cpu=ppc64 & libc=musl
  languageName: node
  linkType: hard

"@rollup/rollup-linux-riscv64-gnu@npm:4.59.0":
  version: 4.59.0
  resolution: "@rollup/rollup-linux-riscv64-gnu@npm:4.59.0"
  conditions: os=linux & cpu=riscv64 & libc=glibc
  languageName: node
  linkType: hard

"@rollup/rollup-linux-riscv64-musl@npm:4.59.0":
  version: 4.59.0
  resolution: "@rollup/rollup-linux-riscv64-musl@npm:4.59.0"
  conditions: os=linux & cpu=riscv64 & libc=musl
  languageName: node
  linkType: hard

"@rollup/rollup-linux-s390x-gnu@npm:4.59.0":
  version: 4.59.0
  resolution: "@rollup/rollup-linux-s390x-gnu@npm:4.59.0"
  conditions: os=linux & cpu=s390x & libc=glibc
  languageName: node
  linkType: hard

"@rollup/rollup-linux-x64-gnu@npm:4.59.0":
  version: 4.59.0
  resolution: "@rollup/rollup-linux-x64-gnu@npm:4.59.0"
  conditions: os=linux & cpu=x64 & libc=glibc
  languageName: node
  linkType: hard

"@rollup/rollup-linux-x64-musl@npm:4.59.0":
  version: 4.59.0
  resolution: "@rollup/rollup-linux-x64-musl@npm:4.59.0"
  conditions: os=linux & cpu=x64 & libc=musl
  languageName: node
  linkType: hard

"@rollup/rollup-openbsd-x64@npm:4.59.0":
  version: 4.59.0
  resolution: "@rollup/rollup-openbsd-x64@npm:4.59.0"
  conditions: os=openbsd & cpu=x64
  languageName: node
  linkType: hard

"@rollup/rollup-openharmony-arm64@npm:4.59.0":
  version: 4.59.0
  resolution: "@rollup/rollup-openharmony-arm64@npm:4.59.0"
  conditions: os=openharmony & cpu=arm64
  languageName: node
  linkType: hard

"@rollup/rollup-win32-arm64-msvc@npm:4.59.0":
  version: 4.59.0
  resolution: "@rollup/rollup-win32-arm64-msvc@npm:4.59.0"
  conditions: os=win32 & cpu=arm64
  languageName: node
  linkType: hard

"@rollup/rollup-win32-ia32-msvc@npm:4.59.0":
  version: 4.59.0
  resolution: "@rollup/rollup-win32-ia32-msvc@npm:4.59.0"
  conditions: os=win32 & cpu=ia32
  languageName: node
  linkType: hard

"@rollup/rollup-win32-x64-gnu@npm:4.59.0":
  version: 4.59.0
  resolution: "@rollup/rollup-win32-x64-gnu@npm:4.59.0"
  conditions: os=win32 & cpu=x64
  languageName: node
  linkType: hard

"@rollup/rollup-win32-x64-msvc@npm:4.59.0":
  version: 4.59.0
  resolution: "@rollup/rollup-win32-x64-msvc@npm:4.59.0"
  conditions: os=win32 & cpu=x64
  languageName: node
  linkType: hard

"@types/estree@npm:*, @types/estree@npm:1.0.8, @types/estree@npm:^1.0.0":
  version: 1.0.8
  resolution: "@types/estree@npm:1.0.8"
  checksum: bd93e2e415b6f182ec4da1074e1f36c480f1d26add3e696d54fb30c09bc470897e41361c8fd957bf0985024f8fbf1e6e2aff977d79352ef7eb93a5c6dcff6c11
  languageName: node
  linkType: hard

"@types/resolve@npm:1.20.2":
  version: 1.20.2
  resolution: "@types/resolve@npm:1.20.2"
  checksum: 61c2cad2499ffc8eab36e3b773945d337d848d3ac6b7b0a87c805ba814bc838ef2f262fc0f109bfd8d2e0898ff8bd80ad1025f9ff64f1f71d3d4294c9f14e5f6
  languageName: node
  linkType: hard

"abbrev@npm:^4.0.0":
  version: 4.0.0
  resolution: "abbrev@npm:4.0.0"
  checksum: d0344b63d28e763f259b4898c41bdc92c08e9d06d0da5617d0bbe4d78244e46daea88c510a2f9472af59b031d9060ec1a999653144e793fd029a59dae2f56dc8
  languageName: node
  linkType: hard

"chownr@npm:^3.0.0":
  version: 3.0.0
  resolution: "chownr@npm:3.0.0"
  checksum: fd73a4bab48b79e66903fe1cafbdc208956f41ea4f856df883d0c7277b7ab29fd33ee65f93b2ec9192fc0169238f2f8307b7735d27c155821d886b84aa97aa8d
  languageName: node
  linkType: hard

"commondir@npm:^1.0.1":
  version: 1.0.1
  resolution: "commondir@npm:1.0.1"
  checksum: 59715f2fc456a73f68826285718503340b9f0dd89bfffc42749906c5cf3d4277ef11ef1cca0350d0e79204f00f1f6d83851ececc9095dc88512a697ac0b9bdcb
  languageName: node
  linkType: hard

"content-gsap-animation@workspace:.":
  version: 0.0.0-use.local
  resolution: "content-gsap-animation@workspace:."
  dependencies:
    "@rollup/plugin-commonjs": ^28.0.3
    "@rollup/plugin-node-resolve": ^16.0.1
    rollup: ^4.59.0
  languageName: unknown
  linkType: soft

"deepmerge@npm:^4.2.2":
  version: 4.3.1
  resolution: "deepmerge@npm:4.3.1"
  checksum: 2024c6a980a1b7128084170c4cf56b0fd58a63f2da1660dcfe977415f27b17dbe5888668b59d0b063753f3220719d5e400b7f113609489c90160bb9a5518d052
  languageName: node
  linkType: hard

"env-paths@npm:^2.2.0":
  version: 2.2.1
  resolution: "env-paths@npm:2.2.1"
  checksum: 65b5df55a8bab92229ab2b40dad3b387fad24613263d103a97f91c9fe43ceb21965cd3392b1ccb5d77088021e525c4e0481adb309625d0cb94ade1d1fb8dc17e
  languageName: node
  linkType: hard

"estree-walker@npm:^2.0.2":
  version: 2.0.2
  resolution: "estree-walker@npm:2.0.2"
  checksum: 6151e6f9828abe2259e57f5fd3761335bb0d2ebd76dc1a01048ccee22fabcfef3c0859300f6d83ff0d1927849368775ec5a6d265dde2f6de5a1be1721cd94efc
  languageName: node
  linkType: hard

"exponential-backoff@npm:^3.1.1":
  version: 3.1.3
  resolution: "exponential-backoff@npm:3.1.3"
  checksum: 471fdb70fd3d2c08a74a026973bdd4105b7832911f610ca67bbb74e39279411c1eed2f2a110c9d41c2edd89459ba58fdaba1c174beed73e7a42d773882dcff82
  languageName: node
  linkType: hard

"fdir@npm:^6.2.0":
  version: 6.4.4
  resolution: "fdir@npm:6.4.4"
  peerDependencies:
    picomatch: ^3 || ^4
  peerDependenciesMeta:
    picomatch:
      optional: true
  checksum: 79043610236579ffbd0647c508b43bd030a2d034a17c43cf96813a00e8e92e51acdb115c6ddecef3b5812cc2692b976155b4f6413e51e3761f1e772fa019a321
  languageName: node
  linkType: hard

"fdir@npm:^6.5.0":
  version: 6.5.0
  resolution: "fdir@npm:6.5.0"
  peerDependencies:
    picomatch: ^3 || ^4
  peerDependenciesMeta:
    picomatch:
      optional: true
  checksum: bd537daa9d3cd53887eed35efa0eab2dbb1ca408790e10e024120e7a36c6e9ae2b33710cb8381e35def01bc9c1d7eaba746f886338413e68ff6ebaee07b9a6e8
  languageName: node
  linkType: hard

"fsevents@npm:~2.3.2":
  version: 2.3.3
  resolution: "fsevents@npm:2.3.3"
  dependencies:
    node-gyp: "npm:latest"
  checksum: 11e6ea6fea15e42461fc55b4b0e4a0a3c654faa567f1877dbd353f39156f69def97a69936d1746619d656c4b93de2238bf731f6085a03a50cabf287c9d024317
  conditions: os=darwin
  languageName: node
  linkType: hard

"fsevents@patch:fsevents@npm%3A~2.3.2#~builtin<compat/fsevents>":
  version: 2.3.3
  resolution: "fsevents@patch:fsevents@npm%3A2.3.3#~builtin<compat/fsevents>::version=2.3.3&hash=df0bf1"
  dependencies:
    node-gyp: "npm:latest"
  conditions: os=darwin
  languageName: node
  linkType: hard

"function-bind@npm:^1.1.2":
  version: 1.1.2
  resolution: "function-bind@npm:1.1.2"
  checksum: 2b0ff4ce708d99715ad14a6d1f894e2a83242e4a52ccfcefaee5e40050562e5f6dafc1adbb4ce2d4ab47279a45dc736ab91ea5042d843c3c092820dfe032efb1
  languageName: node
  linkType: hard

"graceful-fs@npm:^4.2.6":
  version: 4.2.11
  resolution: "graceful-fs@npm:4.2.11"
  checksum: ac85f94da92d8eb6b7f5a8b20ce65e43d66761c55ce85ac96df6865308390da45a8d3f0296dd3a663de65d30ba497bd46c696cc1e248c72b13d6d567138a4fc7
  languageName: node
  linkType: hard

"hasown@npm:^2.0.2":
  version: 2.0.2
  resolution: "hasown@npm:2.0.2"
  dependencies:
    function-bind: "npm:^1.1.2"
  checksum: e8516f776a15149ca6c6ed2ae3110c417a00b62260e222590e54aa367cbcd6ed99122020b37b7fbdf05748df57b265e70095d7bf35a47660587619b15ffb93db
  languageName: node
  linkType: hard

"is-core-module@npm:^2.16.0":
  version: 2.16.1
  resolution: "is-core-module@npm:2.16.1"
  dependencies:
    hasown: "npm:^2.0.2"
  checksum: 6ec5b3c42d9cbf1ac23f164b16b8a140c3cec338bf8f884c076ca89950c7cc04c33e78f02b8cae7ff4751f3247e3174b2330f1fe4de194c7210deb8b1ea316a7
  languageName: node
  linkType: hard

"is-module@npm:^1.0.0":
  version: 1.0.0
  resolution: "is-module@npm:1.0.0"
  checksum: 8cd5390730c7976fb4e8546dd0b38865ee6f7bacfa08dfbb2cc07219606755f0b01709d9361e01f13009bbbd8099fa2927a8ed665118a6105d66e40f1b838c3f
  languageName: node
  linkType: hard

"is-reference@npm:1.2.1":
  version: 1.2.1
  resolution: "is-reference@npm:1.2.1"
  dependencies:
    "@types/estree": "npm:*"
  checksum: e7b48149f8abda2c10849ea51965904d6a714193d68942ad74e30522231045acf06cbfae5a4be2702fede5d232e61bf50b3183acdc056e6e3afe07fcf4f4b2bc
  languageName: node
  linkType: hard

"isexe@npm:^4.0.0":
  version: 4.0.0
  resolution: "isexe@npm:4.0.0"
  checksum: 2ead327ef596042ef9c9ec5f236b316acfaedb87f4bb61b3c3d574fb2e9c8a04b67305e04733bde52c24d9622fdebd3270aadb632adfbf9cadef88fe30f479e5
  languageName: node
  linkType: hard

"magic-string@npm:^0.30.3":
  version: 0.30.17
  resolution: "magic-string@npm:0.30.17"
  dependencies:
    "@jridgewell/sourcemap-codec": "npm:^1.5.0"
  checksum: f4b4ed17c5ada64f77fc98491847302ebad64894a905c417c943840c0384662118c9b37f9f68bb86add159fa4749ff6f118c4627d69a470121b46731f8debc6d
  languageName: node
  linkType: hard

"minipass@npm:^7.0.4, minipass@npm:^7.1.2":
  version: 7.1.3
  resolution: "minipass@npm:7.1.3"
  checksum: 2ede17c0bf8fec499be3360fd07f0ec7666189e3907320a9b653f1530cf84af98928c5b12d80bfb75f321833bf2e97785b940540213ebdafe97a5f10327e664d
  languageName: node
  linkType: hard

"minizlib@npm:^3.1.0":
  version: 3.1.0
  resolution: "minizlib@npm:3.1.0"
  dependencies:
    minipass: "npm:^7.1.2"
  checksum: a15e6f0128f514b7d41a1c68ce531155447f4669e32d279bba1c1c071ef6c2abd7e4d4579bb59ccc2ed1531346749665968fdd7be8d83eb6b6ae2fe1f3d370a7
  languageName: node
  linkType: hard

"node-gyp@npm:latest":
  version: 12.3.0
  resolution: "node-gyp@npm:12.3.0"
  dependencies:
    env-paths: "npm:^2.2.0"
    exponential-backoff: "npm:^3.1.1"
    graceful-fs: "npm:^4.2.6"
    nopt: "npm:^9.0.0"
    proc-log: "npm:^6.0.0"
    semver: "npm:^7.3.5"
    tar: "npm:^7.5.4"
    tinyglobby: "npm:^0.2.12"
    undici: "npm:^6.25.0"
    which: "npm:^6.0.0"
  bin:
    node-gyp: bin/node-gyp.js
  checksum: b02e8776908a83f25b8df88f0b79c46b425f9b7f442ebe3c4a50b9820128c1b44df6b386214c73d509964995d820edbda94bb0c811b6b60a686231afb699acf7
  languageName: node
  linkType: hard

"nopt@npm:^9.0.0":
  version: 9.0.0
  resolution: "nopt@npm:9.0.0"
  dependencies:
    abbrev: "npm:^4.0.0"
  bin:
    nopt: bin/nopt.js
  checksum: 7a5d9ab0629eaec1944a95438cc4efa6418ed2834aa8eb21a1bea579a7d8ac3e30120131855376a96ef59ab0e23ad8e0bc94d3349770a95e5cb7119339f7c7fb
  languageName: node
  linkType: hard

"path-parse@npm:^1.0.7":
  version: 1.0.7
  resolution: "path-parse@npm:1.0.7"
  checksum: 49abf3d81115642938a8700ec580da6e830dde670be21893c62f4e10bd7dd4c3742ddc603fe24f898cba7eb0c6bc1777f8d9ac14185d34540c6d4d80cd9cae8a
  languageName: node
  linkType: hard

"picomatch@npm:^4.0.2, picomatch@npm:^4.0.4":
  version: 4.0.4
  resolution: "picomatch@npm:4.0.4"
  checksum: 76b387b5157951422fa6049a96bdd1695e39dd126cd99df34d343638dc5cdb8bcdc83fff288c23eddcf7c26657c35e3173d4d5f488c4f28b889b314472e0a662
  languageName: node
  linkType: hard

"proc-log@npm:^6.0.0":
  version: 6.1.0
  resolution: "proc-log@npm:6.1.0"
  checksum: ac450ff8244e95b0c9935b52d629fef92ae69b7e39aea19972a8234259614d644402dd62ce9cb094f4a637d8a4514cba90c1456ad785a40ad5b64d502875a817
  languageName: node
  linkType: hard

"resolve@npm:^1.22.1":
  version: 1.22.10
  resolution: "resolve@npm:1.22.10"
  dependencies:
    is-core-module: "npm:^2.16.0"
    path-parse: "npm:^1.0.7"
    supports-preserve-symlinks-flag: "npm:^1.0.0"
  bin:
    resolve: bin/resolve
  checksum: ab7a32ff4046fcd7c6fdd525b24a7527847d03c3650c733b909b01b757f92eb23510afa9cc3e9bf3f26a3e073b48c88c706dfd4c1d2fb4a16a96b73b6328ddcf
  languageName: node
  linkType: hard

"resolve@patch:resolve@npm%3A^1.22.1#~builtin<compat/resolve>":
  version: 1.22.10
  resolution: "resolve@patch:resolve@npm%3A1.22.10#~builtin<compat/resolve>::version=1.22.10&hash=c3c19d"
  dependencies:
    is-core-module: "npm:^2.16.0"
    path-parse: "npm:^1.0.7"
    supports-preserve-symlinks-flag: "npm:^1.0.0"
  bin:
    resolve: bin/resolve
  checksum: 8aac1e4e4628bd00bf4b94b23de137dd3fe44097a8d528fd66db74484be929936e20c696e1a3edf4488f37e14180b73df6f600992baea3e089e8674291f16c9d
  languageName: node
  linkType: hard

"rollup@npm:^4.59.0":
  version: 4.59.0
  resolution: "rollup@npm:4.59.0"
  dependencies:
    "@rollup/rollup-android-arm-eabi": "npm:4.59.0"
    "@rollup/rollup-android-arm64": "npm:4.59.0"
    "@rollup/rollup-darwin-arm64": "npm:4.59.0"
    "@rollup/rollup-darwin-x64": "npm:4.59.0"
    "@rollup/rollup-freebsd-arm64": "npm:4.59.0"
    "@rollup/rollup-freebsd-x64": "npm:4.59.0"
    "@rollup/rollup-linux-arm-gnueabihf": "npm:4.59.0"
    "@rollup/rollup-linux-arm-musleabihf": "npm:4.59.0"
    "@rollup/rollup-linux-arm64-gnu": "npm:4.59.0"
    "@rollup/rollup-linux-arm64-musl": "npm:4.59.0"
    "@rollup/rollup-linux-loong64-gnu": "npm:4.59.0"
    "@rollup/rollup-linux-loong64-musl": "npm:4.59.0"
    "@rollup/rollup-linux-ppc64-gnu": "npm:4.59.0"
    "@rollup/rollup-linux-ppc64-musl": "npm:4.59.0"
    "@rollup/rollup-linux-riscv64-gnu": "npm:4.59.0"
    "@rollup/rollup-linux-riscv64-musl": "npm:4.59.0"
    "@rollup/rollup-linux-s390x-gnu": "npm:4.59.0"
    "@rollup/rollup-linux-x64-gnu": "npm:4.59.0"
    "@rollup/rollup-linux-x64-musl": "npm:4.59.0"
    "@rollup/rollup-openbsd-x64": "npm:4.59.0"
    "@rollup/rollup-openharmony-arm64": "npm:4.59.0"
    "@rollup/rollup-win32-arm64-msvc": "npm:4.59.0"
    "@rollup/rollup-win32-ia32-msvc": "npm:4.59.0"
    "@rollup/rollup-win32-x64-gnu": "npm:4.59.0"
    "@rollup/rollup-win32-x64-msvc": "npm:4.59.0"
    "@types/estree": "npm:1.0.8"
    fsevents: "npm:~2.3.2"
  dependenciesMeta:
    "@rollup/rollup-android-arm-eabi":
      optional: true
    "@rollup/rollup-android-arm64":
      optional: true
    "@rollup/rollup-darwin-arm64":
      optional: true
    "@rollup/rollup-darwin-x64":
      optional: true
    "@rollup/rollup-freebsd-arm64":
      optional: true
    "@rollup/rollup-freebsd-x64":
      optional: true
    "@rollup/rollup-linux-arm-gnueabihf":
      optional: true
    "@rollup/rollup-linux-arm-musleabihf":
      optional: true
    "@rollup/rollup-linux-arm64-gnu":
      optional: true
    "@rollup/rollup-linux-arm64-musl":
      optional: true
    "@rollup/rollup-linux-loong64-gnu":
      optional: true
    "@rollup/rollup-linux-loong64-musl":
      optional: true
    "@rollup/rollup-linux-ppc64-gnu":
      optional: true
    "@rollup/rollup-linux-ppc64-musl":
      optional: true
    "@rollup/rollup-linux-riscv64-gnu":
      optional: true
    "@rollup/rollup-linux-riscv64-musl":
      optional: true
    "@rollup/rollup-linux-s390x-gnu":
      optional: true
    "@rollup/rollup-linux-x64-gnu":
      optional: true
    "@rollup/rollup-linux-x64-musl":
      optional: true
    "@rollup/rollup-openbsd-x64":
      optional: true
    "@rollup/rollup-openharmony-arm64":
      optional: true
    "@rollup/rollup-win32-arm64-msvc":
      optional: true
    "@rollup/rollup-win32-ia32-msvc":
      optional: true
    "@rollup/rollup-win32-x64-gnu":
      optional: true
    "@rollup/rollup-win32-x64-msvc":
      optional: true
    fsevents:
      optional: true
  bin:
    rollup: dist/bin/rollup
  checksum: c2427c6907f05bb98c92064c1660bbeaebb11f3022ec853635e6a994f8e1d39ed18ccee8d70b219954787dca0a2eb3082941bd2c3e054071eec2569acc1c1509
  languageName: node
  linkType: hard

"semver@npm:^7.3.5":
  version: 7.8.1
  resolution: "semver@npm:7.8.1"
  bin:
    semver: bin/semver.js
  checksum: c6486ac12dc85120fc1daac8001350a4cd8126933720da496b0e8b841f170a35d4856b898b5288dfe7c1771bcadbf32c582254eade40ba16f8b6d296625d2b33
  languageName: node
  linkType: hard

"supports-preserve-symlinks-flag@npm:^1.0.0":
  version: 1.0.0
  resolution: "supports-preserve-symlinks-flag@npm:1.0.0"
  checksum: 53b1e247e68e05db7b3808b99b892bd36fb096e6fba213a06da7fab22045e97597db425c724f2bbd6c99a3c295e1e73f3e4de78592289f38431049e1277ca0ae
  languageName: node
  linkType: hard

"tar@npm:^7.5.4":
  version: 7.5.16
  resolution: "tar@npm:7.5.16"
  dependencies:
    "@isaacs/fs-minipass": "npm:^4.0.0"
    chownr: "npm:^3.0.0"
    minipass: "npm:^7.1.2"
    minizlib: "npm:^3.1.0"
    yallist: "npm:^5.0.0"
  checksum: 9b7f886f5ce8681a7430f80b9b377bfa498e6feb957b9afe6507db08e59d309f8546b7f76a0c2e47bdb54da4602575a5c7519e287fe94de8302e635032fc94f1
  languageName: node
  linkType: hard

"tinyglobby@npm:^0.2.12":
  version: 0.2.17
  resolution: "tinyglobby@npm:0.2.17"
  dependencies:
    fdir: "npm:^6.5.0"
    picomatch: "npm:^4.0.4"
  checksum: 041e73eae568152c376551b21b8a27909d474166a8f405cdb0345991c50cf6afd0f878d7a387645d9c05d8ea2c9a55cc2fd2cfe6c5d5a5264770972b1adcad86
  languageName: node
  linkType: hard

"undici@npm:^6.25.0":
  version: 6.27.0
  resolution: "undici@npm:6.27.0"
  checksum: 3c3c591d9cc70b72ed20ec19fcbab04f184827bcb05241a215f92a081e6e73cab506cd2b334e3beb359304c2e53b6e8722c31327124d9db8122bb06fed7be372
  languageName: node
  linkType: hard

"which@npm:^6.0.0":
  version: 6.0.1
  resolution: "which@npm:6.0.1"
  dependencies:
    isexe: "npm:^4.0.0"
  bin:
    node-which: bin/which.js
  checksum: dbea77c7d3058bf6c78bf9659d2dce4d2b57d39a15b826b2af6ac2e5a219b99dc8a831b79fdbc453c0598adb4f3f84cf9c2491fd52beb9f5d2dececcad117f68
  languageName: node
  linkType: hard

"yallist@npm:^5.0.0":
  version: 5.0.0
  resolution: "yallist@npm:5.0.0"
  checksum: eba51182400b9f35b017daa7f419f434424410691bbc5de4f4240cc830fdef906b504424992700dc047f16b4d99100a6f8b8b11175c193f38008e9c96322b6a5
  languageName: node
  linkType: hard
